
Microsoft Visual Studio Solution File, Format Version 12.00
# Visual Studio Version 17
VisualStudioVersion = 17.12.35707.178 d17.12
MinimumVisualStudioVersion = 10.0.40219.1
Project("{FAE04EC0-301F-11D3-BF4B-00C04F79EFBC}") = "Kartkowka4", "Kartkowka4\Kartkowka4.csproj", "{B7D32B17-7A71-4262-BD39-81930A356F34}"
EndProject
Global
	GlobalSection(SolutionConfigurationPlatforms) = preSolution
		Debug|Any CPU = Debug|Any CPU
		Release|Any CPU = Release|Any CPU
	EndGlobalSection
	GlobalSection(ProjectConfigurationPlatforms) = postSolution
		{B7D32B17-7A71-4262-BD39-81930A356F34}.Debug|Any CPU.ActiveCfg = Debug|Any CPU
		{B7D32B17-7A71-4262-BD39-81930A356F34}.Debug|Any CPU.Build.0 = Debug|Any CPU
		{B7D32B17-7A71-4262-BD39-81930A356F34}.Release|Any CPU.ActiveCfg = Release|Any CPU
		{B7D32B17-7A71-4262-BD39-81930A356F34}.Release|Any CPU.Build.0 = Release|Any CPU
	EndGlobalSection
	GlobalSection(SolutionProperties) = preSolution
		HideSolutionNode = FALSE
	EndGlobalSection
EndGlobal
